
Microsoft Visual Studio Solution File, Format Version 12.00
# Visual Studio Version 17
VisualStudioVersion = 17.7.34024.191
MinimumVisualStudioVersion = 10.0.40219.1
Project("{9A19103F-16F7-4668-BE54-9A1E7A4F7556}") = "tutor-platform-backend", "tutor-platform-backend\tutor-platform-backend.csproj", "{B5D9AE84-B1B9-43E5-A69D-13D6E9C5A2B4}"
EndProject
Project("{9A19103F-16F7-4668-BE54-9A1E7A4F7556}") = "tutor-platform-backend-tests", "tutor-platform-backend-tests\tutor-platform-backend-tests.csproj", "{A76737E3-DC94-45BE-884C-C3514939123F}"
EndProject
Global
	GlobalSection(SolutionConfigurationPlatforms) = preSolution
		Debug|Any CPU = Debug|Any CPU
		Release|Any CPU = Release|Any CPU
	EndGlobalSection
	GlobalSection(ProjectConfigurationPlatforms) = postSolution
		{B5D9AE84-B1B9-43E5-A69D-13D6E9C5A2B4}.Debug|Any CPU.ActiveCfg = Debug|Any CPU
		{B5D9AE84-B1B9-43E5-A69D-13D6E9C5A2B4}.Debug|Any CPU.Build.0 = Debug|Any CPU
		{B5D9AE84-B1B9-43E5-A69D-13D6E9C5A2B4}.Release|Any CPU.ActiveCfg = Release|Any CPU
		{B5D9AE84-B1B9-43E5-A69D-13D6E9C5A2B4}.Release|Any CPU.Build.0 = Release|Any CPU
		{A76737E3-DC94-45BE-884C-C3514939123F}.Debug|Any CPU.ActiveCfg = Debug|Any CPU
		{A76737E3-DC94-45BE-884C-C3514939123F}.Debug|Any CPU.Build.0 = Debug|Any CPU
		{A76737E3-DC94-45BE-884C-C3514939123F}.Release|Any CPU.ActiveCfg = Release|Any CPU
		{A76737E3-DC94-45BE-884C-C3514939123F}.Release|Any CPU.Build.0 = Release|Any CPU
	EndGlobalSection
	GlobalSection(SolutionProperties) = preSolution
		HideSolutionNode = FALSE
	EndGlobalSection
	GlobalSection(ExtensibilityGlobals) = postSolution
		SolutionGuid = {9B1752C2-881C-49AC-A52D-9CC9E0416704}
	EndGlobalSection
EndGlobal
